
Microsoft Visual Studio Solution File, Format Version 12.00
# Visual Studio Version 17
VisualStudioVersion = 17.13.35913.81 d17.13
MinimumVisualStudioVersion = 10.0.40219.1
Project("{FAE04EC0-301F-11D3-BF4B-00C04F79EFBC}") = "ModelFirstApp", "ModelFirstApp.csproj", "{AC1CD3A4-D0BC-43FA-AF86-C8C794AFE8A5}"
EndProject
Global
	GlobalSection(SolutionConfigurationPlatforms) = preSolution
		Debug|Any CPU = Debug|Any CPU
		Release|Any CPU = Release|Any CPU
	EndGlobalSection
	GlobalSection(ProjectConfigurationPlatforms) = postSolution
		{AC1CD3A4-D0BC-43FA-AF86-C8C794AFE8A5}.Debug|Any CPU.ActiveCfg = Debug|Any CPU
		{AC1CD3A4-D0BC-43FA-AF86-C8C794AFE8A5}.Debug|Any CPU.Build.0 = Debug|Any CPU
		{AC1CD3A4-D0BC-43FA-AF86-C8C794AFE8A5}.Release|Any CPU.ActiveCfg = Release|Any CPU
		{AC1CD3A4-D0BC-43FA-AF86-C8C794AFE8A5}.Release|Any CPU.Build.0 = Release|Any CPU
	EndGlobalSection
	GlobalSection(SolutionProperties) = preSolution
		HideSolutionNode = FALSE
	EndGlobalSection
	GlobalSection(ExtensibilityGlobals) = postSolution
		SolutionGuid = {5A033F24-0F64-4155-B719-D46B36B92084}
	EndGlobalSection
EndGlobal
