
Microsoft Visual Studio Solution File, Format Version 12.00
# Visual Studio Version 17
VisualStudioVersion = 17.13.35913.81 d17.13
MinimumVisualStudioVersion = 10.0.40219.1
Project("{FAE04EC0-301F-11D3-BF4B-00C04F79EFBC}") = "TryModFirst", "TryModFirst.csproj", "{61E0863D-BFE5-4346-94FE-B27629F5F54C}"
EndProject
Global
	GlobalSection(SolutionConfigurationPlatforms) = preSolution
		Debug|Any CPU = Debug|Any CPU
		Release|Any CPU = Release|Any CPU
	EndGlobalSection
	GlobalSection(ProjectConfigurationPlatforms) = postSolution
		{61E0863D-BFE5-4346-94FE-B27629F5F54C}.Debug|Any CPU.ActiveCfg = Debug|Any CPU
		{61E0863D-BFE5-4346-94FE-B27629F5F54C}.Debug|Any CPU.Build.0 = Debug|Any CPU
		{61E0863D-BFE5-4346-94FE-B27629F5F54C}.Release|Any CPU.ActiveCfg = Release|Any CPU
		{61E0863D-BFE5-4346-94FE-B27629F5F54C}.Release|Any CPU.Build.0 = Release|Any CPU
	EndGlobalSection
	GlobalSection(SolutionProperties) = preSolution
		HideSolutionNode = FALSE
	EndGlobalSection
	GlobalSection(ExtensibilityGlobals) = postSolution
		SolutionGuid = {00FC67F1-354C-44EA-BB6D-B9B2E173EF34}
	EndGlobalSection
EndGlobal
